<?xml version="1.0" encoding="utf-8"?>
<Project ToolsVersion="4.0" xmlns="http://schemas.microsoft.com/developer/msbuild/2003">
  <ItemGroup>
    <Filter Include="소스 파일">
      <UniqueIdentifier>{4FC737F1-C7A5-4376-A066-2A32D752A2FF}</UniqueIdentifier>
      <Extensions>cpp;c;cc;cxx;def;odl;idl;hpj;bat;asm;asmx</Extensions>
    </Filter>
    <Filter Include="헤더 파일">
      <UniqueIdentifier>{93995380-89BD-4b04-88EB-625FBE52EBFB}</UniqueIdentifier>
      <Extensions>h;hh;hpp;hxx;hm;inl;inc;ipp;xsd</Extensions>
    </Filter>
    <Filter Include="리소스 파일">
      <UniqueIdentifier>{67DA6AB6-F800-4c08-8B7A-83BB121AAD01}</UniqueIdentifier>
      <Extensions>rc;ico;cur;bmp;dlg;rc2;rct;bin;rgs;gif;jpg;jpeg;jpe;resx;tiff;tif;png;wav;mfcribbon-ms</Extensions>
    </Filter>
    <Filter Include="소스 파일\1001">
      <UniqueIdentifier>{7521a309-a7ac-4e9d-8b7c-b4c2b6e8ecb2}</UniqueIdentifier>
    </Filter>
    <Filter Include="소스 파일\1002">
      <UniqueIdentifier>{0846311e-d657-474e-b007-197cac273d2a}</UniqueIdentifier>
    </Filter>
    <Filter Include="소스 파일\1003">
      <UniqueIdentifier>{ce7e901f-95b5-43cc-a299-534447dd4b38}</UniqueIdentifier>
    </Filter>
    <Filter Include="소스 파일\1004">
      <UniqueIdentifier>{ab97bbf6-fd9e-4f7f-9147-9372b0654299}</UniqueIdentifier>
    </Filter>
    <Filter Include="소스 파일\1005">
      <UniqueIdentifier>{d6aae343-c641-4e91-aa90-c6e0fa42d2f6}</UniqueIdentifier>
    </Filter>
    <Filter Include="소스 파일\1008">
      <UniqueIdentifier>{2156168e-92b2-45e7-871c-57aeae259295}</UniqueIdentifier>
    </Filter>
    <Filter Include="소스 파일\1007">
      <UniqueIdentifier>{1ab19805-7789-484f-a137-ce6c2040b8a0}</UniqueIdentifier>
    </Filter>
    <Filter Include="소스 파일\1013">
      <UniqueIdentifier>{fec3f9a6-579d-41d8-a3b0-d4a93b81e219}</UniqueIdentifier>
    </Filter>
    <Filter Include="소스 파일\1014">
      <UniqueIdentifier>{94e8bb61-7e2d-47c8-8970-3b8b89a7fc37}</UniqueIdentifier>
    </Filter>
    <Filter Include="소스 파일\1015">
      <UniqueIdentifier>{6897c7ef-68fb-4a19-b35c-c257aaf5bbec}</UniqueIdentifier>
    </Filter>
    <Filter Include="소스 파일\1016">
      <UniqueIdentifier>{a99f25b7-f2ba-476f-895f-86f72189f843}</UniqueIdentifier>
    </Filter>
    <Filter Include="소스 파일\1017">
      <UniqueIdentifier>{8e51c08d-7e39-45c0-92f3-5eaa27c05c79}</UniqueIdentifier>
    </Filter>
    <Filter Include="소스 파일\1021_study">
      <UniqueIdentifier>{fc835df5-d955-4b2c-af66-99cb8b56810d}</UniqueIdentifier>
    </Filter>
  </ItemGroup>
  <ItemGroup>
    <ClCompile Include="BOJ_2437.cpp">
      <Filter>소스 파일\1001</Filter>
    </ClCompile>
    <ClCompile Include="BOJ_1916.cpp">
      <Filter>소스 파일\1001</Filter>
    </ClCompile>
    <ClCompile Include="BOJ_1753.cpp">
      <Filter>소스 파일\1001</Filter>
    </ClCompile>
    <ClCompile Include="BOJ_11779.cpp">
      <Filter>소스 파일\1001</Filter>
    </ClCompile>
    <ClCompile Include="BOJ_1976.cpp">
      <Filter>소스 파일\1001</Filter>
    </ClCompile>
    <ClCompile Include="BOJ_2056.cpp">
      <Filter>소스 파일\1001</Filter>
    </ClCompile>
    <ClCompile Include="BOJ_11403.cpp">
      <Filter>소스 파일\1001</Filter>
    </ClCompile>
    <ClCompile Include="BOJ_11657.cpp">
      <Filter>소스 파일\1001</Filter>
    </ClCompile>
    <ClCompile Include="BOJ_1865.cpp">
      <Filter>소스 파일\1001</Filter>
    </ClCompile>
    <ClCompile Include="BOJ_1185.cpp">
      <Filter>소스 파일\1001</Filter>
    </ClCompile>
    <ClCompile Include="BOJ_4485.cpp">
      <Filter>소스 파일\1002</Filter>
    </ClCompile>
    <ClCompile Include="BOJ_1238.cpp">
      <Filter>소스 파일\1002</Filter>
    </ClCompile>
    <ClCompile Include="BOJ_1719.cpp">
      <Filter>소스 파일\1002</Filter>
    </ClCompile>
    <ClCompile Include="BOJ_6118.cpp">
      <Filter>소스 파일\1002</Filter>
    </ClCompile>
    <ClCompile Include="BOJ_6593.cpp">
      <Filter>소스 파일\1002</Filter>
    </ClCompile>
    <ClCompile Include="BOJ_10282.cpp">
      <Filter>소스 파일\1002</Filter>
    </ClCompile>
    <ClCompile Include="BOJ_2931.cpp">
      <Filter>소스 파일\1002</Filter>
    </ClCompile>
    <ClCompile Include="BOJ_1504.cpp">
      <Filter>소스 파일\1002</Filter>
    </ClCompile>
    <ClCompile Include="BOJ_9370.cpp">
      <Filter>소스 파일\1003</Filter>
    </ClCompile>
    <ClCompile Include="BOJ_2211.cpp">
      <Filter>소스 파일\1003</Filter>
    </ClCompile>
    <ClCompile Include="BOJ_5719.cpp">
      <Filter>소스 파일\1004</Filter>
    </ClCompile>
    <ClCompile Include="BOJ_14890.cpp">
      <Filter>소스 파일\1005</Filter>
    </ClCompile>
    <ClCompile Include="BOJ_15685.cpp">
      <Filter>소스 파일\1005</Filter>
    </ClCompile>
    <ClCompile Include="BOJ_2503.cpp">
      <Filter>소스 파일\1005</Filter>
    </ClCompile>
    <ClCompile Include="BOJ_2805.cpp">
      <Filter>소스 파일\1005</Filter>
    </ClCompile>
    <ClCompile Include="BOJ_6236.cpp">
      <Filter>소스 파일\1005</Filter>
    </ClCompile>
    <ClCompile Include="BOJ_2512.cpp">
      <Filter>소스 파일\1005</Filter>
    </ClCompile>
    <ClCompile Include="BOJ_2343.cpp">
      <Filter>소스 파일\1007</Filter>
    </ClCompile>
    <ClCompile Include="BOJ_2110.cpp">
      <Filter>소스 파일\1007</Filter>
    </ClCompile>
    <ClCompile Include="BOJ_1654.cpp">
      <Filter>소스 파일\1007</Filter>
    </ClCompile>
    <ClCompile Include="BOJ_15686.cpp">
      <Filter>소스 파일\1007</Filter>
    </ClCompile>
    <ClCompile Include="BOJ_16234.cpp">
      <Filter>소스 파일\1007</Filter>
    </ClCompile>
    <ClCompile Include="BOJ_16236.cpp">
      <Filter>소스 파일\1007</Filter>
    </ClCompile>
    <ClCompile Include="BOJ_16235.cpp">
      <Filter>소스 파일\1007</Filter>
    </ClCompile>
    <ClCompile Include="BOJ_13460.cpp">
      <Filter>소스 파일\1007</Filter>
    </ClCompile>
    <ClCompile Include="BOJ_12100.cpp">
      <Filter>소스 파일\1007</Filter>
    </ClCompile>
    <ClCompile Include="BOJ_17070.cpp">
      <Filter>소스 파일\1008</Filter>
    </ClCompile>
    <ClCompile Include="BOJ_17135.cpp">
      <Filter>소스 파일\1008</Filter>
    </ClCompile>
    <ClCompile Include="BOJ_17136.cpp">
      <Filter>소스 파일\1008</Filter>
    </ClCompile>
    <ClCompile Include="BOJ_17281.cpp">
      <Filter>소스 파일\1008</Filter>
    </ClCompile>
    <ClCompile Include="BOJ_3954.cpp">
      <Filter>소스 파일\1008</Filter>
    </ClCompile>
    <ClCompile Include="BOJ_10552.cpp">
      <Filter>소스 파일\1013</Filter>
    </ClCompile>
    <ClCompile Include="BOJ_1941.cpp">
      <Filter>소스 파일\1013</Filter>
    </ClCompile>
    <ClCompile Include="BOJ_10597.cpp">
      <Filter>소스 파일\1013</Filter>
    </ClCompile>
    <ClCompile Include="BOJ_1039.cpp">
      <Filter>소스 파일\1013</Filter>
    </ClCompile>
    <ClCompile Include="BOJ_9663.cpp">
      <Filter>소스 파일\1013</Filter>
    </ClCompile>
    <ClCompile Include="BOJ_2661.cpp">
      <Filter>소스 파일\1013</Filter>
    </ClCompile>
    <ClCompile Include="BOJ_16508.cpp">
      <Filter>소스 파일\1014</Filter>
    </ClCompile>
    <ClCompile Include="BOJ_16637.cpp">
      <Filter>소스 파일\1014</Filter>
    </ClCompile>
    <ClCompile Include="BOJ_17406.cpp">
      <Filter>소스 파일\1014</Filter>
    </ClCompile>
    <ClCompile Include="BOJ_2468.cpp">
      <Filter>소스 파일\1014</Filter>
    </ClCompile>
    <ClCompile Include="BOJ_17142.cpp">
      <Filter>소스 파일\1014</Filter>
    </ClCompile>
    <ClCompile Include="BOJ_17140.cpp">
      <Filter>소스 파일\1014</Filter>
    </ClCompile>
    <ClCompile Include="BOJ_17144.cpp">
      <Filter>소스 파일\1014</Filter>
    </ClCompile>
    <ClCompile Include="BOJ_17143.cpp">
      <Filter>소스 파일\1014</Filter>
    </ClCompile>
    <ClCompile Include="BOJ_17143_2.cpp">
      <Filter>소스 파일\1015</Filter>
    </ClCompile>
    <ClCompile Include="SWEA_1949.cpp">
      <Filter>소스 파일\1015</Filter>
    </ClCompile>
    <ClCompile Include="SWEA_5644.cpp">
      <Filter>소스 파일\1015</Filter>
    </ClCompile>
    <ClCompile Include="SWEA_1953.cpp">
      <Filter>소스 파일\1015</Filter>
    </ClCompile>
    <ClCompile Include="SWEA_2477.cpp">
      <Filter>소스 파일\1015</Filter>
    </ClCompile>
    <ClCompile Include="SWEA_4012.cpp">
      <Filter>소스 파일\1015</Filter>
    </ClCompile>
    <ClCompile Include="BOJ_14948.cpp">
      <Filter>소스 파일\1016</Filter>
    </ClCompile>
    <ClCompile Include="BOJ_16917.cpp">
      <Filter>소스 파일\1016</Filter>
    </ClCompile>
    <ClCompile Include="BOJ_16956.cpp">
      <Filter>소스 파일\1016</Filter>
    </ClCompile>
    <ClCompile Include="BOJ_16967.cpp">
      <Filter>소스 파일\1016</Filter>
    </ClCompile>
    <ClCompile Include="BOJ_16931.cpp">
      <Filter>소스 파일\1016</Filter>
    </ClCompile>
    <ClCompile Include="BOJ_2422.cpp">
      <Filter>소스 파일\1016</Filter>
    </ClCompile>
    <ClCompile Include="BOJ_16964.cpp">
      <Filter>소스 파일\1016</Filter>
    </ClCompile>
    <ClCompile Include="BOJ_17090.cpp">
      <Filter>소스 파일\1016</Filter>
    </ClCompile>
    <ClCompile Include="BOJ_16924.cpp">
      <Filter>소스 파일\1016</Filter>
    </ClCompile>
    <ClCompile Include="BOJ_16929.cpp">
      <Filter>소스 파일\1017</Filter>
    </ClCompile>
    <ClCompile Include="BOJ_16940.cpp">
      <Filter>소스 파일\1017</Filter>
    </ClCompile>
    <ClCompile Include="BOJ_16935.cpp">
      <Filter>소스 파일\1017</Filter>
    </ClCompile>
    <ClCompile Include="BOJ_3019.cpp">
      <Filter>소스 파일\1017</Filter>
    </ClCompile>
    <ClCompile Include="BOJ_16936.cpp">
      <Filter>소스 파일\1017</Filter>
    </ClCompile>
    <ClCompile Include="BOJ_16973.cpp">
      <Filter>소스 파일\1017</Filter>
    </ClCompile>
    <ClCompile Include="BOJ_16971.cpp">
      <Filter>소스 파일\1017</Filter>
    </ClCompile>
    <ClCompile Include="BOJ_1120.cpp">
      <Filter>소스 파일\1017</Filter>
    </ClCompile>
    <ClCompile Include="BOJ_3985.cpp">
      <Filter>소스 파일\1017</Filter>
    </ClCompile>
    <ClCompile Include="BOJ_2980.cpp">
      <Filter>소스 파일\1017</Filter>
    </ClCompile>
    <ClCompile Include="selectSort.cpp">
      <Filter>소스 파일\1021_study</Filter>
    </ClCompile>
    <ClCompile Include="bubbleSort.cpp">
      <Filter>소스 파일\1021_study</Filter>
    </ClCompile>
    <ClCompile Include="insertSort.cpp">
      <Filter>소스 파일\1021_study</Filter>
    </ClCompile>
    <ClCompile Include="quickSort.cpp">
      <Filter>소스 파일\1021_study</Filter>
    </ClCompile>
    <ClCompile Include="BOJ_quick_select_insertSort.cpp">
      <Filter>소스 파일\1021_study</Filter>
    </ClCompile>
    <ClCompile Include="mergeSort.cpp">
      <Filter>소스 파일\1021_study</Filter>
    </ClCompile>
    <ClCompile Include="heapSort.cpp">
      <Filter>소스 파일\1021_study</Filter>
    </ClCompile>
    <ClCompile Include="BOJ_1431.cpp">
      <Filter>소스 파일\1021_study</Filter>
    </ClCompile>
    <ClCompile Include="kruskal.cpp">
      <Filter>소스 파일\1021_study</Filter>
    </ClCompile>
    <ClCompile Include="tree_travel.cpp">
      <Filter>소스 파일\1021_study</Filter>
    </ClCompile>
    <ClCompile Include="fibo.cpp">
      <Filter>소스 파일\1021_study</Filter>
    </ClCompile>
    <ClCompile Include="Tiling1.cpp">
      <Filter>소스 파일\1021_study</Filter>
    </ClCompile>
    <ClCompile Include="BOj_2XN_Tiling2.cpp">
      <Filter>소스 파일\1021_study</Filter>
    </ClCompile>
    <ClCompile Include="BOJ_14852.cpp">
      <Filter>소스 파일\1021_study</Filter>
    </ClCompile>
  </ItemGroup>
  <ItemGroup>
    <Text Include="input.txt">
      <Filter>소스 파일</Filter>
    </Text>
  </ItemGroup>
</Project>