<?xml version="1.0" encoding="utf-8"?>
<Project ToolsVersion="4.0" xmlns="http://schemas.microsoft.com/developer/msbuild/2003">
  <ItemGroup>
    <Filter Include="소스 파일">
      <UniqueIdentifier>{4FC737F1-C7A5-4376-A066-2A32D752A2FF}</UniqueIdentifier>
      <Extensions>cpp;c;cc;cxx;def;odl;idl;hpj;bat;asm;asmx</Extensions>
    </Filter>
    <Filter Include="헤더 파일">
      <UniqueIdentifier>{93995380-89BD-4b04-88EB-625FBE52EBFB}</UniqueIdentifier>
      <Extensions>h;hh;hpp;hxx;hm;inl;inc;ipp;xsd</Extensions>
    </Filter>
    <Filter Include="리소스 파일">
      <UniqueIdentifier>{67DA6AB6-F800-4c08-8B7A-83BB121AAD01}</UniqueIdentifier>
      <Extensions>rc;ico;cur;bmp;dlg;rc2;rct;bin;rgs;gif;jpg;jpeg;jpe;resx;tiff;tif;png;wav;mfcribbon-ms</Extensions>
    </Filter>
    <Filter Include="소스 파일\1001">
      <UniqueIdentifier>{7521a309-a7ac-4e9d-8b7c-b4c2b6e8ecb2}</UniqueIdentifier>
    </Filter>
    <Filter Include="소스 파일\1002">
      <UniqueIdentifier>{0846311e-d657-474e-b007-197cac273d2a}</UniqueIdentifier>
    </Filter>
    <Filter Include="소스 파일\1003">
      <UniqueIdentifier>{ce7e901f-95b5-43cc-a299-534447dd4b38}</UniqueIdentifier>
    </Filter>
    <Filter Include="소스 파일\1004">
      <UniqueIdentifier>{ab97bbf6-fd9e-4f7f-9147-9372b0654299}</UniqueIdentifier>
    </Filter>
    <Filter Include="소스 파일\1005">
      <UniqueIdentifier>{d6aae343-c641-4e91-aa90-c6e0fa42d2f6}</UniqueIdentifier>
    </Filter>
  </ItemGroup>
  <ItemGroup>
    <ClCompile Include="BOJ_2437.cpp">
      <Filter>소스 파일\1001</Filter>
    </ClCompile>
    <ClCompile Include="BOJ_1916.cpp">
      <Filter>소스 파일\1001</Filter>
    </ClCompile>
    <ClCompile Include="BOJ_1753.cpp">
      <Filter>소스 파일\1001</Filter>
    </ClCompile>
    <ClCompile Include="BOJ_11779.cpp">
      <Filter>소스 파일\1001</Filter>
    </ClCompile>
    <ClCompile Include="BOJ_1976.cpp">
      <Filter>소스 파일\1001</Filter>
    </ClCompile>
    <ClCompile Include="BOJ_2056.cpp">
      <Filter>소스 파일\1001</Filter>
    </ClCompile>
    <ClCompile Include="BOJ_11403.cpp">
      <Filter>소스 파일\1001</Filter>
    </ClCompile>
    <ClCompile Include="BOJ_11657.cpp">
      <Filter>소스 파일\1001</Filter>
    </ClCompile>
    <ClCompile Include="BOJ_1865.cpp">
      <Filter>소스 파일\1001</Filter>
    </ClCompile>
    <ClCompile Include="BOJ_1185.cpp">
      <Filter>소스 파일\1001</Filter>
    </ClCompile>
    <ClCompile Include="BOJ_4485.cpp">
      <Filter>소스 파일\1002</Filter>
    </ClCompile>
    <ClCompile Include="BOJ_1238.cpp">
      <Filter>소스 파일\1002</Filter>
    </ClCompile>
    <ClCompile Include="BOJ_1719.cpp">
      <Filter>소스 파일\1002</Filter>
    </ClCompile>
    <ClCompile Include="BOJ_6118.cpp">
      <Filter>소스 파일\1002</Filter>
    </ClCompile>
    <ClCompile Include="BOJ_6593.cpp">
      <Filter>소스 파일\1002</Filter>
    </ClCompile>
    <ClCompile Include="BOJ_10282.cpp">
      <Filter>소스 파일\1002</Filter>
    </ClCompile>
    <ClCompile Include="BOJ_2931.cpp">
      <Filter>소스 파일\1002</Filter>
    </ClCompile>
    <ClCompile Include="BOJ_1504.cpp">
      <Filter>소스 파일\1002</Filter>
    </ClCompile>
    <ClCompile Include="BOJ_9370.cpp">
      <Filter>소스 파일\1003</Filter>
    </ClCompile>
    <ClCompile Include="BOJ_2211.cpp">
      <Filter>소스 파일\1003</Filter>
    </ClCompile>
    <ClCompile Include="BOJ_5719.cpp">
      <Filter>소스 파일\1004</Filter>
    </ClCompile>
    <ClCompile Include="BOJ_12100.cpp">
      <Filter>소스 파일\1005</Filter>
    </ClCompile>
    <ClCompile Include="BOJ_14890.cpp">
      <Filter>소스 파일\1005</Filter>
    </ClCompile>
    <ClCompile Include="BOJ_15685.cpp">
      <Filter>소스 파일\1005</Filter>
    </ClCompile>
    <ClCompile Include="BOJ_2503.cpp">
      <Filter>소스 파일\1005</Filter>
    </ClCompile>
    <ClCompile Include="BOJ_2805.cpp">
      <Filter>소스 파일\1005</Filter>
    </ClCompile>
    <ClCompile Include="BOJ_2110.cpp">
      <Filter>소스 파일\1005</Filter>
    </ClCompile>
    <ClCompile Include="BOJ_1654.cpp">
      <Filter>소스 파일\1005</Filter>
    </ClCompile>
    <ClCompile Include="BOJ_6236.cpp">
      <Filter>소스 파일\1005</Filter>
    </ClCompile>
    <ClCompile Include="BOJ_2343.cpp">
      <Filter>소스 파일\1005</Filter>
    </ClCompile>
    <ClCompile Include="BOJ_2512.cpp">
      <Filter>소스 파일\1005</Filter>
    </ClCompile>
  </ItemGroup>
  <ItemGroup>
    <Text Include="input.txt">
      <Filter>소스 파일</Filter>
    </Text>
  </ItemGroup>
</Project>