<?xml version="1.0" encoding="utf-8"?>
<Project ToolsVersion="4.0" xmlns="http://schemas.microsoft.com/developer/msbuild/2003">
  <ItemGroup>
    <Filter Include="소스 파일">
      <UniqueIdentifier>{4FC737F1-C7A5-4376-A066-2A32D752A2FF}</UniqueIdentifier>
      <Extensions>cpp;c;cc;cxx;def;odl;idl;hpj;bat;asm;asmx</Extensions>
    </Filter>
    <Filter Include="헤더 파일">
      <UniqueIdentifier>{93995380-89BD-4b04-88EB-625FBE52EBFB}</UniqueIdentifier>
      <Extensions>h;hh;hpp;hxx;hm;inl;inc;ipp;xsd</Extensions>
    </Filter>
    <Filter Include="리소스 파일">
      <UniqueIdentifier>{67DA6AB6-F800-4c08-8B7A-83BB121AAD01}</UniqueIdentifier>
      <Extensions>rc;ico;cur;bmp;dlg;rc2;rct;bin;rgs;gif;jpg;jpeg;jpe;resx;tiff;tif;png;wav;mfcribbon-ms</Extensions>
    </Filter>
    <Filter Include="소스 파일\1주차">
      <UniqueIdentifier>{64b37cd0-0ae5-4b09-b3c8-77a1f63cc5c0}</UniqueIdentifier>
    </Filter>
    <Filter Include="소스 파일\1주차\0729">
      <UniqueIdentifier>{989a1c1b-2244-4474-9af7-54502560efe7}</UniqueIdentifier>
    </Filter>
    <Filter Include="소스 파일\1주차\0730">
      <UniqueIdentifier>{f30630a2-4a9e-4982-a2a8-21fb074dd23f}</UniqueIdentifier>
    </Filter>
    <Filter Include="소스 파일\1주차\0731">
      <UniqueIdentifier>{13cb7243-08d4-487c-9fbd-95a3da5bca3b}</UniqueIdentifier>
    </Filter>
    <Filter Include="소스 파일\1주차\0804">
      <UniqueIdentifier>{9168fbf1-fe39-4bf8-8fdb-e6f4c3106d17}</UniqueIdentifier>
    </Filter>
    <Filter Include="소스 파일\2주차">
      <UniqueIdentifier>{168648f2-cc36-427d-a4d6-4b505966c44d}</UniqueIdentifier>
    </Filter>
    <Filter Include="소스 파일\2주차\0805">
      <UniqueIdentifier>{fdab67bd-d04f-433d-a591-8db27df0ffc5}</UniqueIdentifier>
    </Filter>
    <Filter Include="소스 파일\2주차\0807">
      <UniqueIdentifier>{80615b9e-3e5a-41c3-a50f-6435a31b0299}</UniqueIdentifier>
    </Filter>
    <Filter Include="소스 파일\2주차\0808">
      <UniqueIdentifier>{4af10401-7cf2-4fc2-b4dc-2cb275f5e693}</UniqueIdentifier>
    </Filter>
    <Filter Include="소스 파일\2주차\0809">
      <UniqueIdentifier>{a89674d4-faab-4c1f-889c-d4ccea873e1d}</UniqueIdentifier>
    </Filter>
    <Filter Include="소스 파일\2주차\0811">
      <UniqueIdentifier>{fdb06609-7fbd-42f1-925b-a7f947bc6170}</UniqueIdentifier>
    </Filter>
    <Filter Include="소스 파일\3주차">
      <UniqueIdentifier>{3ccba2ca-2fa1-4013-9473-5bd80ad901fe}</UniqueIdentifier>
    </Filter>
    <Filter Include="소스 파일\3주차\0812">
      <UniqueIdentifier>{ddbc5dfb-9143-4974-82a8-1a608b626230}</UniqueIdentifier>
    </Filter>
    <Filter Include="소스 파일\3주차\0813">
      <UniqueIdentifier>{77236061-f316-447c-89f9-496144f90ba5}</UniqueIdentifier>
    </Filter>
    <Filter Include="소스 파일\3주차\0815">
      <UniqueIdentifier>{73593a54-545f-48b4-9807-ccf69700ab0f}</UniqueIdentifier>
    </Filter>
    <Filter Include="소스 파일\4주차">
      <UniqueIdentifier>{907de4b2-1acd-4e61-87e7-71a96505b632}</UniqueIdentifier>
    </Filter>
    <Filter Include="소스 파일\3주차\0816">
      <UniqueIdentifier>{67c9ad1b-b2fc-4554-9948-8b309c5d9541}</UniqueIdentifier>
    </Filter>
    <Filter Include="소스 파일\3주차\0817">
      <UniqueIdentifier>{b838eb46-9e07-42ce-91b2-50f53f386cea}</UniqueIdentifier>
    </Filter>
    <Filter Include="소스 파일\3주차\0818">
      <UniqueIdentifier>{0c8a9e74-4462-4d0b-b288-34b3050566f1}</UniqueIdentifier>
    </Filter>
    <Filter Include="소스 파일\4주차\0819">
      <UniqueIdentifier>{a1ccccbf-d279-46b6-bc99-43fc14fa5f89}</UniqueIdentifier>
    </Filter>
    <Filter Include="소스 파일\4주차\0820">
      <UniqueIdentifier>{0e541e07-c4c1-4088-95e9-cbf2eb558984}</UniqueIdentifier>
    </Filter>
  </ItemGroup>
  <ItemGroup>
    <ClCompile Include="BOJ_2206.cpp">
      <Filter>소스 파일\1주차\0729</Filter>
    </ClCompile>
    <ClCompile Include="BOJ_14442.cpp">
      <Filter>소스 파일\1주차\0730</Filter>
    </ClCompile>
    <ClCompile Include="BOJ_16933.cpp">
      <Filter>소스 파일\1주차\0730</Filter>
    </ClCompile>
    <ClCompile Include="BOJ_16946.cpp">
      <Filter>소스 파일\1주차\0731</Filter>
    </ClCompile>
    <ClCompile Include="BOJ_16954.cpp">
      <Filter>소스 파일\1주차\0731</Filter>
    </ClCompile>
    <ClCompile Include="BOJ_16236.cpp">
      <Filter>소스 파일\1주차\0731</Filter>
    </ClCompile>
    <ClCompile Include="BOJ_6087.cpp">
      <Filter>소스 파일\1주차\0731</Filter>
    </ClCompile>
    <ClCompile Include="BOJ_14395.cpp">
      <Filter>소스 파일\1주차\0804</Filter>
    </ClCompile>
    <ClCompile Include="BOJ_1963.cpp">
      <Filter>소스 파일\1주차\0804</Filter>
    </ClCompile>
    <ClCompile Include="BOJ_11946.cpp">
      <Filter>소스 파일\1주차\0804</Filter>
    </ClCompile>
    <ClCompile Include="BOJ_16112.cpp">
      <Filter>소스 파일\2주차\0805</Filter>
    </ClCompile>
    <ClCompile Include="BOJ_16196.cpp">
      <Filter>소스 파일\2주차\0805</Filter>
    </ClCompile>
    <ClCompile Include="BOJ_2210.cpp">
      <Filter>소스 파일\2주차\0807</Filter>
    </ClCompile>
    <ClCompile Include="BOJ_1697.cpp">
      <Filter>소스 파일\2주차\0807</Filter>
    </ClCompile>
    <ClCompile Include="BOJ_4673.cpp">
      <Filter>소스 파일\2주차\0807</Filter>
    </ClCompile>
    <ClCompile Include="BOJ_2562.cpp">
      <Filter>소스 파일\2주차\0807</Filter>
    </ClCompile>
    <ClCompile Include="BOJ_12886.cpp">
      <Filter>소스 파일\2주차\0807</Filter>
    </ClCompile>
    <ClCompile Include="BOJ_5014.cpp">
      <Filter>소스 파일\2주차\0807</Filter>
    </ClCompile>
    <ClCompile Include="BOJ_9881.cpp">
      <Filter>소스 파일\2주차\0807</Filter>
    </ClCompile>
    <ClCompile Include="BOJ_9019.cpp">
      <Filter>소스 파일\2주차\0807</Filter>
    </ClCompile>
    <ClCompile Include="BOJ_3055.cpp">
      <Filter>소스 파일\2주차\0807</Filter>
    </ClCompile>
    <ClCompile Include="BOJ_16957.cpp">
      <Filter>소스 파일\2주차\0808</Filter>
    </ClCompile>
    <ClCompile Include="BOJ_16120.cpp">
      <Filter>소스 파일\2주차\0808</Filter>
    </ClCompile>
    <ClCompile Include="BOJ_16987.cpp">
      <Filter>소스 파일\2주차\0808</Filter>
    </ClCompile>
    <ClCompile Include="BOJ_16986.cpp">
      <Filter>소스 파일\2주차\0808</Filter>
    </ClCompile>
    <ClCompile Include="BOJ_14889.cpp">
      <Filter>소스 파일\2주차\0809</Filter>
    </ClCompile>
    <ClCompile Include="BOJ_16918.cpp">
      <Filter>소스 파일\2주차\0809</Filter>
    </ClCompile>
    <ClCompile Include="BOJ_11637.cpp">
      <Filter>소스 파일\2주차\0811</Filter>
    </ClCompile>
    <ClCompile Include="BOJ_17136.cpp">
      <Filter>소스 파일\2주차\0811</Filter>
    </ClCompile>
    <ClCompile Include="SWEA_4311.cpp">
      <Filter>소스 파일\2주차\0811</Filter>
    </ClCompile>
    <ClCompile Include="BOJ_1941.cpp">
      <Filter>소스 파일\3주차\0812</Filter>
    </ClCompile>
    <ClCompile Include="BOJ_16985.cpp">
      <Filter>소스 파일\3주차\0812</Filter>
    </ClCompile>
    <ClCompile Include="BOJ_2468.cpp">
      <Filter>소스 파일\3주차\0812</Filter>
    </ClCompile>
    <ClCompile Include="BOJ_17406.cpp">
      <Filter>소스 파일\3주차\0812</Filter>
    </ClCompile>
    <ClCompile Include="BOJ_1743.cpp">
      <Filter>소스 파일\3주차\0813</Filter>
    </ClCompile>
    <ClCompile Include="BOJ_7576.cpp">
      <Filter>소스 파일\3주차\0813</Filter>
    </ClCompile>
    <ClCompile Include="BOJ_1182.cpp">
      <Filter>소스 파일\3주차\0813</Filter>
    </ClCompile>
    <ClCompile Include="BOJ_10797.cpp">
      <Filter>소스 파일\3주차\0813</Filter>
    </ClCompile>
    <ClCompile Include="BOJ_2583.cpp">
      <Filter>소스 파일\3주차\0813</Filter>
    </ClCompile>
    <ClCompile Include="BOJ_6603.cpp">
      <Filter>소스 파일\3주차\0813</Filter>
    </ClCompile>
    <ClCompile Include="BOJ_4948.cpp">
      <Filter>소스 파일\3주차\0813</Filter>
    </ClCompile>
    <ClCompile Include="BOJ_15649.cpp">
      <Filter>소스 파일\3주차\0813</Filter>
    </ClCompile>
    <ClCompile Include="BOJ_2447.cpp">
      <Filter>소스 파일\3주차\0815</Filter>
    </ClCompile>
    <ClCompile Include="BOJ_13015.cpp">
      <Filter>소스 파일\3주차\0815</Filter>
    </ClCompile>
    <ClCompile Include="BOJ_5597.cpp">
      <Filter>소스 파일\3주차\0815</Filter>
    </ClCompile>
    <ClCompile Include="BOJ_17394.cpp">
      <Filter>소스 파일\3주차\0815</Filter>
    </ClCompile>
    <ClCompile Include="BOJ_14891.cpp">
      <Filter>소스 파일\3주차\0815</Filter>
    </ClCompile>
    <ClCompile Include="BOJ_9376.cpp">
      <Filter>소스 파일\3주차\0815</Filter>
    </ClCompile>
    <ClCompile Include="BOJ_17070.cpp">
      <Filter>소스 파일\3주차\0816</Filter>
    </ClCompile>
    <ClCompile Include="BOJ_3987.cpp">
      <Filter>소스 파일\3주차\0816</Filter>
    </ClCompile>
    <ClCompile Include="BOJ_16988.cpp">
      <Filter>소스 파일\3주차\0816</Filter>
    </ClCompile>
    <ClCompile Include="BOJ_16922.cpp">
      <Filter>소스 파일\3주차\0816</Filter>
    </ClCompile>
    <ClCompile Include="BOJ_16938.cpp">
      <Filter>소스 파일\3주차\0816</Filter>
    </ClCompile>
    <ClCompile Include="BOJ_16943.cpp">
      <Filter>소스 파일\3주차\0816</Filter>
    </ClCompile>
    <ClCompile Include="BOJ_16925.cpp">
      <Filter>소스 파일\3주차\0817</Filter>
    </ClCompile>
    <ClCompile Include="BOJ_16945.cpp">
      <Filter>소스 파일\3주차\0817</Filter>
    </ClCompile>
    <ClCompile Include="BOJ_16953.cpp">
      <Filter>소스 파일\3주차\0818</Filter>
    </ClCompile>
    <ClCompile Include="BOJ_17135.cpp">
      <Filter>소스 파일\4주차\0819</Filter>
    </ClCompile>
    <ClCompile Include="BOJ_16944.cpp">
      <Filter>소스 파일\4주차\0819</Filter>
    </ClCompile>
    <ClCompile Include="BOJ_1759.cpp">
      <Filter>소스 파일\4주차\0819</Filter>
    </ClCompile>
    <ClCompile Include="BOJ_11723.cpp">
      <Filter>소스 파일\4주차\0819</Filter>
    </ClCompile>
    <ClCompile Include="BOJ_15658.cpp">
      <Filter>소스 파일\4주차\0819</Filter>
    </ClCompile>
    <ClCompile Include="BOJ_16958.cpp">
      <Filter>소스 파일\4주차\0819</Filter>
    </ClCompile>
    <ClCompile Include="BOJ_16951.cpp">
      <Filter>소스 파일\4주차\0819</Filter>
    </ClCompile>
    <ClCompile Include="BOJ_16968.cpp">
      <Filter>소스 파일\4주차\0819</Filter>
    </ClCompile>
    <ClCompile Include="BOJ_17085.cpp">
      <Filter>소스 파일\4주차\0819</Filter>
    </ClCompile>
    <ClCompile Include="BOJ_17144.cpp">
      <Filter>소스 파일\4주차\0820</Filter>
    </ClCompile>
  </ItemGroup>
  <ItemGroup>
    <Text Include="input.txt">
      <Filter>소스 파일</Filter>
    </Text>
  </ItemGroup>
</Project>