
Microsoft Visual Studio Solution File, Format Version 12.00
# Visual Studio 15
VisualStudioVersion = 15.0.28307.168
MinimumVisualStudioVersion = 10.0.40219.1
Project("{8BC9CEB8-8B4A-11D0-8D11-00A0C91BC942}") = "0x05강_BFS_DFS", "0x05강_BFS_DFS\0x05강_BFS_DFS.vcxproj", "{C0809BF4-9F94-4148-9457-CAC129645C19}"
EndProject
Global
	GlobalSection(SolutionConfigurationPlatforms) = preSolution
		Debug|x64 = Debug|x64
		Debug|x86 = Debug|x86
		Release|x64 = Release|x64
		Release|x86 = Release|x86
	EndGlobalSection
	GlobalSection(ProjectConfigurationPlatforms) = postSolution
		{C0809BF4-9F94-4148-9457-CAC129645C19}.Debug|x64.ActiveCfg = Debug|x64
		{C0809BF4-9F94-4148-9457-CAC129645C19}.Debug|x64.Build.0 = Debug|x64
		{C0809BF4-9F94-4148-9457-CAC129645C19}.Debug|x86.ActiveCfg = Debug|Win32
		{C0809BF4-9F94-4148-9457-CAC129645C19}.Debug|x86.Build.0 = Debug|Win32
		{C0809BF4-9F94-4148-9457-CAC129645C19}.Release|x64.ActiveCfg = Release|x64
		{C0809BF4-9F94-4148-9457-CAC129645C19}.Release|x64.Build.0 = Release|x64
		{C0809BF4-9F94-4148-9457-CAC129645C19}.Release|x86.ActiveCfg = Release|Win32
		{C0809BF4-9F94-4148-9457-CAC129645C19}.Release|x86.Build.0 = Release|Win32
	EndGlobalSection
	GlobalSection(SolutionProperties) = preSolution
		HideSolutionNode = FALSE
	EndGlobalSection
	GlobalSection(ExtensibilityGlobals) = postSolution
		SolutionGuid = {4ECEB232-21C7-43C5-8B81-142FD541E6F7}
	EndGlobalSection
EndGlobal
