
Microsoft Visual Studio Solution File, Format Version 12.00
# Visual Studio 15
VisualStudioVersion = 15.0.28307.168
MinimumVisualStudioVersion = 10.0.40219.1
Project("{8BC9CEB8-8B4A-11D0-8D11-00A0C91BC942}") = "BOJ_Ready_BF", "BOJ_Ready_BF\BOJ_Ready_BF.vcxproj", "{057775E6-A931-4450-A46C-FC26D91878A7}"
EndProject
Global
	GlobalSection(SolutionConfigurationPlatforms) = preSolution
		Debug|x64 = Debug|x64
		Debug|x86 = Debug|x86
		Release|x64 = Release|x64
		Release|x86 = Release|x86
	EndGlobalSection
	GlobalSection(ProjectConfigurationPlatforms) = postSolution
		{057775E6-A931-4450-A46C-FC26D91878A7}.Debug|x64.ActiveCfg = Debug|x64
		{057775E6-A931-4450-A46C-FC26D91878A7}.Debug|x64.Build.0 = Debug|x64
		{057775E6-A931-4450-A46C-FC26D91878A7}.Debug|x86.ActiveCfg = Debug|Win32
		{057775E6-A931-4450-A46C-FC26D91878A7}.Debug|x86.Build.0 = Debug|Win32
		{057775E6-A931-4450-A46C-FC26D91878A7}.Release|x64.ActiveCfg = Release|x64
		{057775E6-A931-4450-A46C-FC26D91878A7}.Release|x64.Build.0 = Release|x64
		{057775E6-A931-4450-A46C-FC26D91878A7}.Release|x86.ActiveCfg = Release|Win32
		{057775E6-A931-4450-A46C-FC26D91878A7}.Release|x86.Build.0 = Release|Win32
	EndGlobalSection
	GlobalSection(SolutionProperties) = preSolution
		HideSolutionNode = FALSE
	EndGlobalSection
	GlobalSection(ExtensibilityGlobals) = postSolution
		SolutionGuid = {21B9623B-64E0-4953-B745-6F38FF6787AB}
	EndGlobalSection
EndGlobal
