<?xml version="1.0" encoding="utf-8"?>
<Project ToolsVersion="4.0" xmlns="http://schemas.microsoft.com/developer/msbuild/2003">
  <ItemGroup>
    <Filter Include="소스 파일">
      <UniqueIdentifier>{4FC737F1-C7A5-4376-A066-2A32D752A2FF}</UniqueIdentifier>
      <Extensions>cpp;c;cc;cxx;def;odl;idl;hpj;bat;asm;asmx</Extensions>
    </Filter>
    <Filter Include="헤더 파일">
      <UniqueIdentifier>{93995380-89BD-4b04-88EB-625FBE52EBFB}</UniqueIdentifier>
      <Extensions>h;hh;hpp;hxx;hm;inl;inc;ipp;xsd</Extensions>
    </Filter>
    <Filter Include="리소스 파일">
      <UniqueIdentifier>{67DA6AB6-F800-4c08-8B7A-83BB121AAD01}</UniqueIdentifier>
      <Extensions>rc;ico;cur;bmp;dlg;rc2;rct;bin;rgs;gif;jpg;jpeg;jpe;resx;tiff;tif;png;wav;mfcribbon-ms</Extensions>
    </Filter>
    <Filter Include="소스 파일\0830">
      <UniqueIdentifier>{a8cbdd64-b3cd-4ad2-9f81-ec1c04e001b9}</UniqueIdentifier>
    </Filter>
    <Filter Include="소스 파일\0901">
      <UniqueIdentifier>{e45ff170-9fe1-4d6f-b3c7-08d4b0024617}</UniqueIdentifier>
    </Filter>
    <Filter Include="소스 파일\못품">
      <UniqueIdentifier>{9881fa58-0eb6-4113-946f-90c311075aa7}</UniqueIdentifier>
    </Filter>
    <Filter Include="소스 파일\0902">
      <UniqueIdentifier>{23a0ad35-a796-4fa5-a669-ea854d3d38f0}</UniqueIdentifier>
    </Filter>
    <Filter Include="소스 파일\0903">
      <UniqueIdentifier>{d536ccce-1eff-4d18-84c4-bd3da90ac10e}</UniqueIdentifier>
    </Filter>
    <Filter Include="소스 파일\0906">
      <UniqueIdentifier>{18b4ffe9-0820-4efe-ab6f-d39067eaf54a}</UniqueIdentifier>
    </Filter>
    <Filter Include="소스 파일\0918">
      <UniqueIdentifier>{f911dccd-b511-4a74-bbef-11022f96e368}</UniqueIdentifier>
    </Filter>
    <Filter Include="소스 파일\0919">
      <UniqueIdentifier>{da3cddc0-78ea-46eb-84e9-78c228dedfe0}</UniqueIdentifier>
    </Filter>
    <Filter Include="소스 파일\0920">
      <UniqueIdentifier>{83c1186f-de1c-4e06-bf56-f6233d0621b3}</UniqueIdentifier>
    </Filter>
    <Filter Include="소스 파일\0922">
      <UniqueIdentifier>{7f40352b-e344-4db6-8867-2bcc1662ad5d}</UniqueIdentifier>
    </Filter>
  </ItemGroup>
  <ItemGroup>
    <ClCompile Include="BOJ_1268.cpp">
      <Filter>소스 파일\0830</Filter>
    </ClCompile>
    <ClCompile Include="BOJ_2303.cpp">
      <Filter>소스 파일\0830</Filter>
    </ClCompile>
    <ClCompile Include="BOJ_2636.cpp">
      <Filter>소스 파일\0830</Filter>
    </ClCompile>
    <ClCompile Include="BOJ_2660.cpp">
      <Filter>소스 파일\0830</Filter>
    </ClCompile>
    <ClCompile Include="BOJ_2667.cpp">
      <Filter>소스 파일\0830</Filter>
    </ClCompile>
    <ClCompile Include="BOJ_2302.cpp">
      <Filter>소스 파일\0901</Filter>
    </ClCompile>
    <ClCompile Include="BOJ_2573.cpp">
      <Filter>소스 파일\0901</Filter>
    </ClCompile>
    <ClCompile Include="BOJ_2468.cpp">
      <Filter>소스 파일\0901</Filter>
    </ClCompile>
    <ClCompile Include="BOJ_13301.cpp">
      <Filter>소스 파일\0901</Filter>
    </ClCompile>
    <ClCompile Include="BOJ_14697.cpp">
      <Filter>소스 파일\0901</Filter>
    </ClCompile>
    <ClCompile Include="BOJ_2591.cpp">
      <Filter>소스 파일\못품</Filter>
    </ClCompile>
    <ClCompile Include="BOJ_13302.cpp">
      <Filter>소스 파일\못품</Filter>
    </ClCompile>
    <ClCompile Include="BOJ_2549.cpp">
      <Filter>소스 파일\못품</Filter>
    </ClCompile>
    <ClCompile Include="BOJ_2589.cpp">
      <Filter>소스 파일\0901</Filter>
    </ClCompile>
    <ClCompile Include="BOJ_2606.cpp">
      <Filter>소스 파일\0901</Filter>
    </ClCompile>
    <ClCompile Include="BOJ_2629.cpp">
      <Filter>소스 파일\0902</Filter>
    </ClCompile>
    <ClCompile Include="BOJ_12865.cpp">
      <Filter>소스 파일\0902</Filter>
    </ClCompile>
    <ClCompile Include="BOJ_2580.cpp">
      <Filter>소스 파일\0902</Filter>
    </ClCompile>
    <ClCompile Include="BOJ_1799.cpp">
      <Filter>소스 파일\0902</Filter>
    </ClCompile>
    <ClCompile Include="BOJ_2607.cpp">
      <Filter>소스 파일\0902</Filter>
    </ClCompile>
    <ClCompile Include="BOJ_5214.cpp">
      <Filter>소스 파일\0902</Filter>
    </ClCompile>
    <ClCompile Include="SWEA_3234.cpp">
      <Filter>소스 파일\못품</Filter>
    </ClCompile>
    <ClCompile Include="BOJ_15971.cpp">
      <Filter>소스 파일\0903</Filter>
    </ClCompile>
    <ClCompile Include="BOJ_2529.cpp">
      <Filter>소스 파일\0903</Filter>
    </ClCompile>
    <ClCompile Include="BOJ_1592.cpp">
      <Filter>소스 파일\0906</Filter>
    </ClCompile>
    <ClCompile Include="BOJ_1726.cpp">
      <Filter>소스 파일\0906</Filter>
    </ClCompile>
    <ClCompile Include="BOJ_4600.cpp">
      <Filter>소스 파일\0906</Filter>
    </ClCompile>
    <ClCompile Include="BOJ_1347.cpp">
      <Filter>소스 파일\0906</Filter>
    </ClCompile>
    <ClCompile Include="BOJ_1331.cpp">
      <Filter>소스 파일\0906</Filter>
    </ClCompile>
    <ClCompile Include="BOJ_1194.cpp">
      <Filter>소스 파일\0906</Filter>
    </ClCompile>
    <ClCompile Include="SWEA_2383.cpp">
      <Filter>소스 파일\0906</Filter>
    </ClCompile>
    <ClCompile Include="BOJ_17406.cpp">
      <Filter>소스 파일\0906</Filter>
    </ClCompile>
    <ClCompile Include="BOJ_16926.cpp">
      <Filter>소스 파일\0906</Filter>
    </ClCompile>
    <ClCompile Include="SWEA_5656.cpp">
      <Filter>소스 파일\0918</Filter>
    </ClCompile>
    <ClCompile Include="SWEA_1251.cpp">
      <Filter>소스 파일\0918</Filter>
    </ClCompile>
    <ClCompile Include="BOJ_1197.cpp">
      <Filter>소스 파일\0918</Filter>
    </ClCompile>
    <ClCompile Include="BOJ_1922.cpp">
      <Filter>소스 파일\0918</Filter>
    </ClCompile>
    <ClCompile Include="BOJ_1922_1.cpp">
      <Filter>소스 파일\0918</Filter>
    </ClCompile>
    <ClCompile Include="JungOl_1863.cpp">
      <Filter>소스 파일\0918</Filter>
    </ClCompile>
    <ClCompile Include="BOJ_1717.cpp">
      <Filter>소스 파일\0918</Filter>
    </ClCompile>
    <ClCompile Include="BOJ_1197_1.cpp">
      <Filter>소스 파일\0918</Filter>
    </ClCompile>
    <ClCompile Include="BOJ_1976.cpp">
      <Filter>소스 파일\0919</Filter>
    </ClCompile>
    <ClCompile Include="BOJ_16562.cpp">
      <Filter>소스 파일\0919</Filter>
    </ClCompile>
    <ClCompile Include="BOJ_4195.cpp">
      <Filter>소스 파일\0919</Filter>
    </ClCompile>
    <ClCompile Include="BOJ_9935.cpp">
      <Filter>소스 파일\0920</Filter>
    </ClCompile>
    <ClCompile Include="BOJ_17471.cpp">
      <Filter>소스 파일\0920</Filter>
    </ClCompile>
    <ClCompile Include="BOJ_1080.cpp">
      <Filter>소스 파일\0920</Filter>
    </ClCompile>
    <ClCompile Include="BOJ_1780.cpp">
      <Filter>소스 파일\0920</Filter>
    </ClCompile>
    <ClCompile Include="BOJ_1517.cpp">
      <Filter>소스 파일\0922</Filter>
    </ClCompile>
  </ItemGroup>
  <ItemGroup>
    <Text Include="input.txt">
      <Filter>소스 파일</Filter>
    </Text>
  </ItemGroup>
</Project>