<?xml version="1.0" encoding="utf-8"?>
<Project ToolsVersion="4.0" xmlns="http://schemas.microsoft.com/developer/msbuild/2003">
  <ItemGroup>
    <Filter Include="소스 파일">
      <UniqueIdentifier>{4FC737F1-C7A5-4376-A066-2A32D752A2FF}</UniqueIdentifier>
      <Extensions>cpp;c;cc;cxx;def;odl;idl;hpj;bat;asm;asmx</Extensions>
    </Filter>
    <Filter Include="헤더 파일">
      <UniqueIdentifier>{93995380-89BD-4b04-88EB-625FBE52EBFB}</UniqueIdentifier>
      <Extensions>h;hh;hpp;hxx;hm;inl;inc;ipp;xsd</Extensions>
    </Filter>
    <Filter Include="리소스 파일">
      <UniqueIdentifier>{67DA6AB6-F800-4c08-8B7A-83BB121AAD01}</UniqueIdentifier>
      <Extensions>rc;ico;cur;bmp;dlg;rc2;rct;bin;rgs;gif;jpg;jpeg;jpe;resx;tiff;tif;png;wav;mfcribbon-ms</Extensions>
    </Filter>
    <Filter Include="소스 파일\0830">
      <UniqueIdentifier>{a8cbdd64-b3cd-4ad2-9f81-ec1c04e001b9}</UniqueIdentifier>
    </Filter>
    <Filter Include="소스 파일\0901">
      <UniqueIdentifier>{e45ff170-9fe1-4d6f-b3c7-08d4b0024617}</UniqueIdentifier>
    </Filter>
    <Filter Include="소스 파일\못품">
      <UniqueIdentifier>{9881fa58-0eb6-4113-946f-90c311075aa7}</UniqueIdentifier>
    </Filter>
    <Filter Include="소스 파일\0902">
      <UniqueIdentifier>{23a0ad35-a796-4fa5-a669-ea854d3d38f0}</UniqueIdentifier>
    </Filter>
  </ItemGroup>
  <ItemGroup>
    <ClCompile Include="BOJ_1268.cpp">
      <Filter>소스 파일\0830</Filter>
    </ClCompile>
    <ClCompile Include="BOJ_2303.cpp">
      <Filter>소스 파일\0830</Filter>
    </ClCompile>
    <ClCompile Include="BOJ_2636.cpp">
      <Filter>소스 파일\0830</Filter>
    </ClCompile>
    <ClCompile Include="BOJ_2660.cpp">
      <Filter>소스 파일\0830</Filter>
    </ClCompile>
    <ClCompile Include="BOJ_2667.cpp">
      <Filter>소스 파일\0830</Filter>
    </ClCompile>
    <ClCompile Include="BOJ_2302.cpp">
      <Filter>소스 파일\0901</Filter>
    </ClCompile>
    <ClCompile Include="BOJ_2573.cpp">
      <Filter>소스 파일\0901</Filter>
    </ClCompile>
    <ClCompile Include="BOJ_2468.cpp">
      <Filter>소스 파일\0901</Filter>
    </ClCompile>
    <ClCompile Include="BOJ_13301.cpp">
      <Filter>소스 파일\0901</Filter>
    </ClCompile>
    <ClCompile Include="BOJ_14697.cpp">
      <Filter>소스 파일\0901</Filter>
    </ClCompile>
    <ClCompile Include="BOJ_2591.cpp">
      <Filter>소스 파일\못품</Filter>
    </ClCompile>
    <ClCompile Include="BOJ_13302.cpp">
      <Filter>소스 파일\못품</Filter>
    </ClCompile>
    <ClCompile Include="BOJ_2549.cpp">
      <Filter>소스 파일\못품</Filter>
    </ClCompile>
    <ClCompile Include="BOJ_2589.cpp">
      <Filter>소스 파일\0901</Filter>
    </ClCompile>
    <ClCompile Include="BOJ_2606.cpp">
      <Filter>소스 파일\0901</Filter>
    </ClCompile>
    <ClCompile Include="BOJ_2629.cpp">
      <Filter>소스 파일\0902</Filter>
    </ClCompile>
    <ClCompile Include="BOJ_12865.cpp">
      <Filter>소스 파일\0902</Filter>
    </ClCompile>
    <ClCompile Include="BOJ_2580.cpp">
      <Filter>소스 파일\0902</Filter>
    </ClCompile>
    <ClCompile Include="BOJ_1799.cpp">
      <Filter>소스 파일\0902</Filter>
    </ClCompile>
    <ClCompile Include="BOJ_2607.cpp">
      <Filter>소스 파일\0902</Filter>
    </ClCompile>
    <ClCompile Include="BOJ_5214.cpp">
      <Filter>소스 파일\0902</Filter>
    </ClCompile>
    <ClCompile Include="SWEA_3234.cpp">
      <Filter>소스 파일\못품</Filter>
    </ClCompile>
  </ItemGroup>
  <ItemGroup>
    <Text Include="input.txt">
      <Filter>소스 파일</Filter>
    </Text>
  </ItemGroup>
</Project>